{
  "version": "5",
  "specifiers": {
    "jsr:@std/dotenv@*": "0.225.5",
    "jsr:@std/dotenv@0.225.5": "0.225.5"
  },
  "jsr": {
    "@std/dotenv@0.225.5": {
      "integrity": "9ce6f9d0ec3311f74a32535aa1b8c62ed88b1ab91b7f0815797d77a6f60c922f"
    }
  },
  "redirects": {
    "https://deno.land/x/dotenv/mod.ts": "https://deno.land/x/dotenv@v3.2.2/mod.ts"
  },
  "remote": {
    "https://deno.land/std@0.216.0/dotenv/mod.ts": "0180eaeedaaf88647318811cdaa418cc64dc51fb08354f91f5f480d0a1309f7d",
    "https://deno.land/std@0.216.0/dotenv/parse.ts": "a49ed243bd62ec26f38614042cda4e5e3a47b18337c93b0f9f8556a5c918884b",
    "https://deno.land/std@0.216.0/dotenv/stringify.ts": "0047ad7068289735d08964046aea267a750c141b494ca0e38831b89be6c020c2",
    "https://deno.land/std@0.224.0/dotenv/mod.ts": "0180eaeedaaf88647318811cdaa418cc64dc51fb08354f91f5f480d0a1309f7d",
    "https://deno.land/std@0.224.0/dotenv/parse.ts": "09977ff88dfd1f24f9973a338f0f91bbdb9307eb5ff6085446e7c423e4c7ba0c",
    "https://deno.land/std@0.224.0/dotenv/stringify.ts": "275da322c409170160440836342eaa7cf012a1d11a7e700d8ca4e7f2f8aa4615",
    "https://deno.land/x/dotenv@v3.2.0/mod.ts": "077b48773de9205266a0b44c3c3a3c3083449ed64bb0b6cc461b95720678d38e",
    "https://deno.land/x/dotenv@v3.2.0/util.ts": "693730877b13f8ead2b79b2aa31e2a0652862f7dc0c5f6d2f313f4d39c7b7670",
    "https://deno.land/x/dotenv@v3.2.2/mod.ts": "077b48773de9205266a0b44c3c3a3c3083449ed64bb0b6cc461b95720678d38e",
    "https://deno.land/x/dotenv@v3.2.2/util.ts": "693730877b13f8ead2b79b2aa31e2a0652862f7dc0c5f6d2f313f4d39c7b7670"
  },
  "workspace": {
    "packageJson": {
      "dependencies": [
        "npm:@opencode-ai/plugin@0.15.13"
      ]
    }
  }
}
